// !$*UTF8*$!
{
	archiveVersion = 1;
	classes = {
	};
	objectVersion = 45;
	objects = {

/* Begin PBXBuildFile section */
		1D3623260D0F684500981E51 /* xGPSAppDelegate.m in Sources */ = {isa = PBXBuildFile; fileRef = 1D3623250D0F684500981E51 /* xGPSAppDelegate.m */; };
		1D60589B0D05DD56006BFB54 /* main.m in Sources */ = {isa = PBXBuildFile; fileRef = 29B97316FDCFA39411CA2CEA /* main.m */; };
		1D60589F0D05DD5A006BFB54 /* Foundation.framework in Frameworks */ = {isa = PBXBuildFile; fileRef = 1D30AB110D05D00D00671497 /* Foundation.framework */; };
		1DF5F4E00D08C38300B7A737 /* UIKit.framework in Frameworks */ = {isa = PBXBuildFile; fileRef = 1DF5F4DF0D08C38300B7A737 /* UIKit.framework */; };
		4E0B8CF90E812A74009A2F86 /* iGPSDController.m in Sources */ = {isa = PBXBuildFile; fileRef = 4E0B8CF80E812A74009A2F86 /* iGPSDController.m */; };
		4E0B8D440E812DDD009A2F86 /* GPSLicenseViewController.m in Sources */ = {isa = PBXBuildFile; fileRef = 4E0B8D430E812DDD009A2F86 /* GPSLicenseViewController.m */; };
		4E0F05010E87C49000D75E7D /* GeoEncoder.m in Sources */ = {isa = PBXBuildFile; fileRef = 4E0F05000E87C49000D75E7D /* GeoEncoder.m */; };
		4E0F487B0E8518EC001B6F51 /* license.html in Resources */ = {isa = PBXBuildFile; fileRef = 4E0F487A0E8518EC001B6F51 /* license.html */; };
		4E0F48E30E851C3C001B6F51 /* Localizable.strings in Resources */ = {isa = PBXBuildFile; fileRef = 4E0F48E20E851C3C001B6F51 /* Localizable.strings */; };
		4E1744300EDE94E10062ED18 /* TitleValueCell.m in Sources */ = {isa = PBXBuildFile; fileRef = 4E17442F0EDE94E10062ED18 /* TitleValueCell.m */; };
		4E23964B0E40EF800062A352 /* icon.png in Resources */ = {isa = PBXBuildFile; fileRef = 4E2396490E40EF800062A352 /* icon.png */; };
		4E2396740E40F6AB0062A352 /* MapTile.m in Sources */ = {isa = PBXBuildFile; fileRef = 4E23966F0E40F6AB0062A352 /* MapTile.m */; };
		4E2396750E40F6AB0062A352 /* MapView.m in Sources */ = {isa = PBXBuildFile; fileRef = 4E2396710E40F6AB0062A352 /* MapView.m */; };
		4E2396760E40F6AB0062A352 /* Position.m in Sources */ = {isa = PBXBuildFile; fileRef = 4E2396730E40F6AB0062A352 /* Position.m */; };
		4E23967A0E40F7750062A352 /* TileDB.m in Sources */ = {isa = PBXBuildFile; fileRef = 4E2396790E40F7750062A352 /* TileDB.m */; };
		4E2397000E40F95D0062A352 /* CoreGraphics.framework in Frameworks */ = {isa = PBXBuildFile; fileRef = 4E2396FE0E40F95D0062A352 /* CoreGraphics.framework */; };
		4E2397010E40F95D0062A352 /* QuartzCore.framework in Frameworks */ = {isa = PBXBuildFile; fileRef = 4E2396FF0E40F95D0062A352 /* QuartzCore.framework */; };
		4E66FD630EDC93A9002097BE /* DirectionsBookmarksViewController.m in Sources */ = {isa = PBXBuildFile; fileRef = 4E66FD620EDC93A9002097BE /* DirectionsBookmarksViewController.m */; };
		4E74D8530EDD946800C2FEAC /* WrongWayView.m in Sources */ = {isa = PBXBuildFile; fileRef = 4E74D8520EDD946800C2FEAC /* WrongWayView.m */; };
		4E74D8550EDD99B800C2FEAC /* wrongway.png in Resources */ = {isa = PBXBuildFile; fileRef = 4E74D8540EDD99B800C2FEAC /* wrongway.png */; };
		4E7929630E58EAE100CAF1B2 /* MainViewController.m in Sources */ = {isa = PBXBuildFile; fileRef = 4E7929620E58EAE100CAF1B2 /* MainViewController.m */; };
		4E864FA60E7EBC58005954EE /* GPSSelectorViewController.m in Sources */ = {isa = PBXBuildFile; fileRef = 4E864FA50E7EBC58005954EE /* GPSSelectorViewController.m */; };
		4E864FB90E7EBC58005954EE /* GPSController.m in Sources */ = {isa = PBXBuildFile; fileRef = 4E864FB80E7EBC58005954EE /* GPSController.m */; };
		4E864FBC0E7EBC58005954EE /* GPSManager.m in Sources */ = {isa = PBXBuildFile; fileRef = 4E864FBB0E7EBC58005954EE /* GPSManager.m */; };
		4E8650300E7EBC58005954EE /* ChangedState.m in Sources */ = {isa = PBXBuildFile; fileRef = 4E86502F0E7EBC58005954EE /* ChangedState.m */; };
		4E86515B0E7EC237005954EE /* iPhone3GController.m in Sources */ = {isa = PBXBuildFile; fileRef = 4E86515A0E7EC237005954EE /* iPhone3GController.m */; };
		4E86516D0E7EC361005954EE /* CoreLocation.framework in Frameworks */ = {isa = PBXBuildFile; fileRef = 4E86516C0E7EC361005954EE /* CoreLocation.framework */; };
		4E8A01770E9D441C00E58774 /* NetworkReceiverViewController.m in Sources */ = {isa = PBXBuildFile; fileRef = 4E8A01760E9D441C00E58774 /* NetworkReceiverViewController.m */; };
		4E8A01990E9D445A00E58774 /* wireless_future.jpg in Resources */ = {isa = PBXBuildFile; fileRef = 4E8A01980E9D445A00E58774 /* wireless_future.jpg */; };
		4E8BBC290E89786800BADF0C /* gps_ball.png in Resources */ = {isa = PBXBuildFile; fileRef = 4E8BBC280E89786800BADF0C /* gps_ball.png */; };
		4E8C97370E6CBEF7001F5317 /* SpeedView.m in Sources */ = {isa = PBXBuildFile; fileRef = 4E8C97360E6CBEF7001F5317 /* SpeedView.m */; };
		4E8DAF2E0E85737C0025D8ED /* SearchPlacesView.m in Sources */ = {isa = PBXBuildFile; fileRef = 4E8DAF2D0E85737C0025D8ED /* SearchPlacesView.m */; };
		4E8F02B60EBB544F00994EA3 /* DrivingDirectionsSearchView.m in Sources */ = {isa = PBXBuildFile; fileRef = 4E8F02B50EBB544F00994EA3 /* DrivingDirectionsSearchView.m */; };
		4E8F03320EBB5BD000994EA3 /* settingsIcon.png in Resources */ = {isa = PBXBuildFile; fileRef = 4E8F03310EBB5BD000994EA3 /* settingsIcon.png */; };
		4E8F033D0EBB5CA100994EA3 /* DirectionsController.m in Sources */ = {isa = PBXBuildFile; fileRef = 4E8F033C0EBB5CA100994EA3 /* DirectionsController.m */; };
		4E8F26520EC5F51600401A4E /* NavigationInstructionView.m in Sources */ = {isa = PBXBuildFile; fileRef = 4E8F26510EC5F51600401A4E /* NavigationInstructionView.m */; };
		4E9077FB0E9CE48800B0F6BC /* AboutViewController.m in Sources */ = {isa = PBXBuildFile; fileRef = 4E9077FA0E9CE48800B0F6BC /* AboutViewController.m */; };
		4E90781B0E9CE69900B0F6BC /* about.html in Resources */ = {isa = PBXBuildFile; fileRef = 4E9078190E9CE69900B0F6BC /* about.html */; };
		4E90BD630E82E95F007D8F7C /* LicenseViewController.m in Sources */ = {isa = PBXBuildFile; fileRef = 4E90BD620E82E95F007D8F7C /* LicenseViewController.m */; };
		4E90BD7C0E82E95F007D8F7C /* whiteButton.png in Resources */ = {isa = PBXBuildFile; fileRef = 4E90BD7B0E82E95F007D8F7C /* whiteButton.png */; };
		4E90C0F30E8D3CAE003F6B23 /* GPSSignalView.m in Sources */ = {isa = PBXBuildFile; fileRef = 4E90C0F20E8D3CAE003F6B23 /* GPSSignalView.m */; };
		4E90C0F80E8D3CD0003F6B23 /* green.png in Resources */ = {isa = PBXBuildFile; fileRef = 4E90C0F50E8D3CD0003F6B23 /* green.png */; };
		4E90C0F90E8D3CD0003F6B23 /* orange.png in Resources */ = {isa = PBXBuildFile; fileRef = 4E90C0F60E8D3CD0003F6B23 /* orange.png */; };
		4E90C0FA0E8D3CD0003F6B23 /* red.png in Resources */ = {isa = PBXBuildFile; fileRef = 4E90C0F70E8D3CD0003F6B23 /* red.png */; };
		4E941A090E6A92330037F8C1 /* SettingsViewController.m in Sources */ = {isa = PBXBuildFile; fileRef = 4E941A080E6A92330037F8C1 /* SettingsViewController.m */; };
		4E9670FE0EBA5840008E7917 /* GPXLogger.c in Sources */ = {isa = PBXBuildFile; fileRef = 4E9670FD0EBA5840008E7917 /* GPXLogger.c */; };
		4E9A00960E8D51B90076EE44 /* FakeGPSController.m in Sources */ = {isa = PBXBuildFile; fileRef = 4E9A00950E8D51B90076EE44 /* FakeGPSController.m */; };
		4EA54F1F0EB231860077F5F4 /* SyncDownloader.m in Sources */ = {isa = PBXBuildFile; fileRef = 4EA54F1E0EB231860077F5F4 /* SyncDownloader.m */; };
		4EAF78B50EB3AB440078B697 /* iGPS360Controller.m in Sources */ = {isa = PBXBuildFile; fileRef = 4EAF78B40EB3AB440078B697 /* iGPS360Controller.m */; };
		4EAF79FF0EB3C3750078B697 /* Default.png in Resources */ = {isa = PBXBuildFile; fileRef = 4EAF79FE0EB3C3750078B697 /* Default.png */; };
		4EBAF8F70E58CA84008916E9 /* notile.png in Resources */ = {isa = PBXBuildFile; fileRef = 4EBAF8F20E58CA84008916E9 /* notile.png */; };
		4EBAF8F80E58CA84008916E9 /* pin_pos.png in Resources */ = {isa = PBXBuildFile; fileRef = 4EBAF8F30E58CA84008916E9 /* pin_pos.png */; };
		4EBAF8F90E58CA84008916E9 /* speed.png in Resources */ = {isa = PBXBuildFile; fileRef = 4EBAF8F40E58CA84008916E9 /* speed.png */; };
		4EBAF8FA0E58CA84008916E9 /* zoomin.png in Resources */ = {isa = PBXBuildFile; fileRef = 4EBAF8F50E58CA84008916E9 /* zoomin.png */; };
		4EBAF8FB0E58CA84008916E9 /* zoomout.png in Resources */ = {isa = PBXBuildFile; fileRef = 4EBAF8F60E58CA84008916E9 /* zoomout.png */; };
		4EC961D10EDC9D6700B60DB8 /* DirectionsBookmarks.m in Sources */ = {isa = PBXBuildFile; fileRef = 4EC961D00EDC9D6700B60DB8 /* DirectionsBookmarks.m */; };
		4EDAA0C30E87AD8A0020E8AF /* AddressBook.framework in Frameworks */ = {isa = PBXBuildFile; fileRef = 4EDAA0C10E87AD8A0020E8AF /* AddressBook.framework */; };
		4EDAA0C40E87AD8A0020E8AF /* AddressBookUI.framework in Frameworks */ = {isa = PBXBuildFile; fileRef = 4EDAA0C20E87AD8A0020E8AF /* AddressBookUI.framework */; };
		4EE0F1CD0E6A958000BBA3FD /* nmea_parse.c in Sources */ = {isa = PBXBuildFile; fileRef = 4EE0F1C50E6A958000BBA3FD /* nmea_parse.c */; };
		4EE0F1CE0E6A958000BBA3FD /* packet_reader.c in Sources */ = {isa = PBXBuildFile; fileRef = 4EE0F1C70E6A958000BBA3FD /* packet_reader.c */; };
		4EE0F1CF0E6A958000BBA3FD /* xGPSController.m in Sources */ = {isa = PBXBuildFile; fileRef = 4EE0F1CC0E6A958000BBA3FD /* xGPSController.m */; };
		4EE0F2D10E6AA97600BBA3FD /* MapsManagerView.m in Sources */ = {isa = PBXBuildFile; fileRef = 4EE0F2D00E6AA97600BBA3FD /* MapsManagerView.m */; };
		4EE0F2DB0E6AAA0100BBA3FD /* ProgressView.m in Sources */ = {isa = PBXBuildFile; fileRef = 4EE0F2D80E6AAA0100BBA3FD /* ProgressView.m */; };
		4EE0F2DC0E6AAA0100BBA3FD /* ZoomView.m in Sources */ = {isa = PBXBuildFile; fileRef = 4EE0F2DA0E6AAA0100BBA3FD /* ZoomView.m */; };
		4EE1356A0E7E63D800A5E181 /* GoogleBadge.png in Resources */ = {isa = PBXBuildFile; fileRef = 4EE135690E7E63D800A5E181 /* GoogleBadge.png */; };
		4EF1D57D0EDB0BA80007AEAE /* track.gpx in Resources */ = {isa = PBXBuildFile; fileRef = 4EF1D57C0EDB0BA80007AEAE /* track.gpx */; };
		4EF25DCE0E897FA300AB6194 /* DirectionsLanguageViewController.m in Sources */ = {isa = PBXBuildFile; fileRef = 4EF25DCD0E897FA300AB6194 /* DirectionsLanguageViewController.m */; };
/* End PBXBuildFile section */

/* Begin PBXCopyFilesBuildPhase section */
		4E89E8DD0E8512B100E47EC5 /* CopyFiles */ = {
			isa = PBXCopyFilesBuildPhase;
			buildActionMask = 2147483647;
			dstPath = "";
			dstSubfolderSpec = 7;
			files = (
			);
			runOnlyForDeploymentPostprocessing = 0;
		};
/* End PBXCopyFilesBuildPhase section */

/* Begin PBXFileReference section */
		1D30AB110D05D00D00671497 /* Foundation.framework */ = {isa = PBXFileReference; lastKnownFileType = wrapper.framework; name = Foundation.framework; path = System/Library/Frameworks/Foundation.framework; sourceTree = SDKROOT; };
		1D3623240D0F684500981E51 /* xGPSAppDelegate.h */ = {isa = PBXFileReference; fileEncoding = 4; lastKnownFileType = sourcecode.c.h; path = xGPSAppDelegate.h; sourceTree = "<group>"; };
		1D3623250D0F684500981E51 /* xGPSAppDelegate.m */ = {isa = PBXFileReference; fileEncoding = 4; lastKnownFileType = sourcecode.c.objc; path = xGPSAppDelegate.m; sourceTree = "<group>"; };
		1D6058910D05DD3D006BFB54 /* xGPS.app */ = {isa = PBXFileReference; explicitFileType = wrapper.application; includeInIndex = 0; path = xGPS.app; sourceTree = BUILT_PRODUCTS_DIR; };
		1DF5F4DF0D08C38300B7A737 /* UIKit.framework */ = {isa = PBXFileReference; lastKnownFileType = wrapper.framework; name = UIKit.framework; path = System/Library/Frameworks/UIKit.framework; sourceTree = SDKROOT; };
		28216C950DB411BC00E5133A /* MainViewController.h */ = {isa = PBXFileReference; fileEncoding = 4; lastKnownFileType = sourcecode.c.h; path = MainViewController.h; sourceTree = "<group>"; };
		28A0AB4B0D9B1048005BE974 /* xGPS_Prefix.pch */ = {isa = PBXFileReference; fileEncoding = 4; lastKnownFileType = sourcecode.c.h; path = xGPS_Prefix.pch; sourceTree = "<group>"; };
		29B97316FDCFA39411CA2CEA /* main.m */ = {isa = PBXFileReference; fileEncoding = 4; lastKnownFileType = sourcecode.c.objc; path = main.m; sourceTree = "<group>"; };
		4E0B8CF70E812A74009A2F86 /* iGPSDController.h */ = {isa = PBXFileReference; fileEncoding = 4; lastKnownFileType = sourcecode.c.h; path = iGPSDController.h; sourceTree = "<group>"; };
		4E0B8CF80E812A74009A2F86 /* iGPSDController.m */ = {isa = PBXFileReference; fileEncoding = 4; lastKnownFileType = sourcecode.c.objc; path = iGPSDController.m; sourceTree = "<group>"; };
		4E0B8D420E812DDD009A2F86 /* GPSLicenseViewController.h */ = {isa = PBXFileReference; fileEncoding = 4; lastKnownFileType = sourcecode.c.h; path = GPSLicenseViewController.h; sourceTree = "<group>"; };
		4E0B8D430E812DDD009A2F86 /* GPSLicenseViewController.m */ = {isa = PBXFileReference; fileEncoding = 4; lastKnownFileType = sourcecode.c.objc; path = GPSLicenseViewController.m; sourceTree = "<group>"; };
		4E0F04FF0E87C49000D75E7D /* GeoEncoder.h */ = {isa = PBXFileReference; fileEncoding = 4; lastKnownFileType = sourcecode.c.h; path = GeoEncoder.h; sourceTree = "<group>"; };
		4E0F05000E87C49000D75E7D /* GeoEncoder.m */ = {isa = PBXFileReference; fileEncoding = 4; lastKnownFileType = sourcecode.c.objc; path = GeoEncoder.m; sourceTree = "<group>"; };
		4E0F48950E8519E6001B6F51 /* French */ = {isa = PBXFileReference; lastKnownFileType = text.html; name = French; path = French.lproj/license.html; sourceTree = "<group>"; };
		4E0F48E00E851C30001B6F51 /* English */ = {isa = PBXFileReference; fileEncoding = 4; lastKnownFileType = text.plist.strings; name = English; path = English.lproj/Localizable.strings; sourceTree = "<group>"; };
		4E0F48E40E851C43001B6F51 /* French */ = {isa = PBXFileReference; lastKnownFileType = text.plist.strings; name = French; path = French.lproj/Localizable.strings; sourceTree = "<group>"; };
		4E0F48E50E851C47001B6F51 /* Italian */ = {isa = PBXFileReference; lastKnownFileType = text.plist.strings; name = Italian; path = Italian.lproj/Localizable.strings; sourceTree = "<group>"; };
		4E0F48E60E851C4B001B6F51 /* German */ = {isa = PBXFileReference; lastKnownFileType = text.plist.strings; name = German; path = German.lproj/Localizable.strings; sourceTree = "<group>"; };
		4E109D940EDAEDB0009617FC /* pl */ = {isa = PBXFileReference; lastKnownFileType = text.html; name = pl; path = pl.lproj/about.html; sourceTree = "<group>"; };
		4E109D950EDAEDE1009617FC /* pl */ = {isa = PBXFileReference; lastKnownFileType = text.plist.strings; name = pl; path = pl.lproj/Localizable.strings; sourceTree = "<group>"; };
		4E109D960EDAEDEE009617FC /* pl */ = {isa = PBXFileReference; lastKnownFileType = text.html; name = pl; path = pl.lproj/license.html; sourceTree = "<group>"; };
		4E17442E0EDE94E10062ED18 /* TitleValueCell.h */ = {isa = PBXFileReference; fileEncoding = 4; lastKnownFileType = sourcecode.c.h; path = TitleValueCell.h; sourceTree = "<group>"; };
		4E17442F0EDE94E10062ED18 /* TitleValueCell.m */ = {isa = PBXFileReference; fileEncoding = 4; lastKnownFileType = sourcecode.c.objc; path = TitleValueCell.m; sourceTree = "<group>"; };
		4E2396490E40EF800062A352 /* icon.png */ = {isa = PBXFileReference; lastKnownFileType = image.png; path = icon.png; sourceTree = "<group>"; };
		4E23966E0E40F6AB0062A352 /* MapTile.h */ = {isa = PBXFileReference; fileEncoding = 4; lastKnownFileType = sourcecode.c.h; path = MapTile.h; sourceTree = "<group>"; };
		4E23966F0E40F6AB0062A352 /* MapTile.m */ = {isa = PBXFileReference; fileEncoding = 4; lastKnownFileType = sourcecode.c.objc; path = MapTile.m; sourceTree = "<group>"; };
		4E2396700E40F6AB0062A352 /* MapView.h */ = {isa = PBXFileReference; fileEncoding = 4; lastKnownFileType = sourcecode.c.h; path = MapView.h; sourceTree = "<group>"; };
		4E2396710E40F6AB0062A352 /* MapView.m */ = {isa = PBXFileReference; fileEncoding = 4; lastKnownFileType = sourcecode.c.objc; path = MapView.m; sourceTree = "<group>"; };
		4E2396720E40F6AB0062A352 /* Position.h */ = {isa = PBXFileReference; fileEncoding = 4; lastKnownFileType = sourcecode.c.h; path = Position.h; sourceTree = "<group>"; };
		4E2396730E40F6AB0062A352 /* Position.m */ = {isa = PBXFileReference; fileEncoding = 4; lastKnownFileType = sourcecode.c.objc; path = Position.m; sourceTree = "<group>"; };
		4E2396780E40F7750062A352 /* TileDB.h */ = {isa = PBXFileReference; fileEncoding = 4; lastKnownFileType = sourcecode.c.h; path = TileDB.h; sourceTree = "<group>"; };
		4E2396790E40F7750062A352 /* TileDB.m */ = {isa = PBXFileReference; fileEncoding = 4; lastKnownFileType = sourcecode.c.objc; path = TileDB.m; sourceTree = "<group>"; };
		4E23969B0E40F7DA0062A352 /* LocationWrapper.h */ = {isa = PBXFileReference; fileEncoding = 4; lastKnownFileType = sourcecode.c.h; path = LocationWrapper.h; sourceTree = "<group>"; };
		4E2396FE0E40F95D0062A352 /* CoreGraphics.framework */ = {isa = PBXFileReference; lastKnownFileType = wrapper.framework; name = CoreGraphics.framework; path = System/Library/Frameworks/CoreGraphics.framework; sourceTree = SDKROOT; };
		4E2396FF0E40F95D0062A352 /* QuartzCore.framework */ = {isa = PBXFileReference; lastKnownFileType = wrapper.framework; name = QuartzCore.framework; path = System/Library/Frameworks/QuartzCore.framework; sourceTree = SDKROOT; };
		4E66FD610EDC93A9002097BE /* DirectionsBookmarksViewController.h */ = {isa = PBXFileReference; fileEncoding = 4; lastKnownFileType = sourcecode.c.h; path = DirectionsBookmarksViewController.h; sourceTree = "<group>"; };
		4E66FD620EDC93A9002097BE /* DirectionsBookmarksViewController.m */ = {isa = PBXFileReference; fileEncoding = 4; lastKnownFileType = sourcecode.c.objc; path = DirectionsBookmarksViewController.m; sourceTree = "<group>"; };
		4E74D8510EDD946800C2FEAC /* WrongWayView.h */ = {isa = PBXFileReference; fileEncoding = 4; lastKnownFileType = sourcecode.c.h; path = WrongWayView.h; sourceTree = "<group>"; };
		4E74D8520EDD946800C2FEAC /* WrongWayView.m */ = {isa = PBXFileReference; fileEncoding = 4; lastKnownFileType = sourcecode.c.objc; path = WrongWayView.m; sourceTree = "<group>"; };
		4E74D8540EDD99B800C2FEAC /* wrongway.png */ = {isa = PBXFileReference; lastKnownFileType = image.png; path = wrongway.png; sourceTree = "<group>"; };
		4E7929620E58EAE100CAF1B2 /* MainViewController.m */ = {isa = PBXFileReference; fileEncoding = 4; lastKnownFileType = sourcecode.c.objc; path = MainViewController.m; sourceTree = "<group>"; };
		4E864FA40E7EBC58005954EE /* GPSSelectorViewController.h */ = {isa = PBXFileReference; fileEncoding = 4; lastKnownFileType = sourcecode.c.h; path = GPSSelectorViewController.h; sourceTree = "<group>"; };
		4E864FA50E7EBC58005954EE /* GPSSelectorViewController.m */ = {isa = PBXFileReference; fileEncoding = 4; lastKnownFileType = sourcecode.c.objc; path = GPSSelectorViewController.m; sourceTree = "<group>"; };
		4E864FB70E7EBC58005954EE /* GPSController.h */ = {isa = PBXFileReference; fileEncoding = 4; lastKnownFileType = sourcecode.c.h; path = GPSController.h; sourceTree = "<group>"; };
		4E864FB80E7EBC58005954EE /* GPSController.m */ = {isa = PBXFileReference; fileEncoding = 4; lastKnownFileType = sourcecode.c.objc; path = GPSController.m; sourceTree = "<group>"; };
		4E864FBA0E7EBC58005954EE /* GPSManager.h */ = {isa = PBXFileReference; fileEncoding = 4; lastKnownFileType = sourcecode.c.h; path = GPSManager.h; sourceTree = "<group>"; };
		4E864FBB0E7EBC58005954EE /* GPSManager.m */ = {isa = PBXFileReference; fileEncoding = 4; lastKnownFileType = sourcecode.c.objc; path = GPSManager.m; sourceTree = "<group>"; };
		4E86502E0E7EBC58005954EE /* ChangedState.h */ = {isa = PBXFileReference; fileEncoding = 4; lastKnownFileType = sourcecode.c.h; path = ChangedState.h; sourceTree = "<group>"; };
		4E86502F0E7EBC58005954EE /* ChangedState.m */ = {isa = PBXFileReference; fileEncoding = 4; lastKnownFileType = sourcecode.c.objc; path = ChangedState.m; sourceTree = "<group>"; };
		4E8651590E7EC237005954EE /* iPhone3GController.h */ = {isa = PBXFileReference; fileEncoding = 4; lastKnownFileType = sourcecode.c.h; path = iPhone3GController.h; sourceTree = "<group>"; };
		4E86515A0E7EC237005954EE /* iPhone3GController.m */ = {isa = PBXFileReference; fileEncoding = 4; lastKnownFileType = sourcecode.c.objc; path = iPhone3GController.m; sourceTree = "<group>"; };
		4E86516C0E7EC361005954EE /* CoreLocation.framework */ = {isa = PBXFileReference; lastKnownFileType = wrapper.framework; name = CoreLocation.framework; path = System/Library/Frameworks/CoreLocation.framework; sourceTree = SDKROOT; };
		4E8A01750E9D441C00E58774 /* NetworkReceiverViewController.h */ = {isa = PBXFileReference; fileEncoding = 4; lastKnownFileType = sourcecode.c.h; path = NetworkReceiverViewController.h; sourceTree = "<group>"; };
		4E8A01760E9D441C00E58774 /* NetworkReceiverViewController.m */ = {isa = PBXFileReference; fileEncoding = 4; lastKnownFileType = sourcecode.c.objc; path = NetworkReceiverViewController.m; sourceTree = "<group>"; };
		4E8A01980E9D445A00E58774 /* wireless_future.jpg */ = {isa = PBXFileReference; lastKnownFileType = image.jpeg; path = wireless_future.jpg; sourceTree = "<group>"; };
		4E8AAAF80E9CE99900271B56 /* French */ = {isa = PBXFileReference; lastKnownFileType = text.html; name = French; path = French.lproj/about.html; sourceTree = "<group>"; };
		4E8AAAF90E9CE99E00271B56 /* Italian */ = {isa = PBXFileReference; lastKnownFileType = text.html; name = Italian; path = Italian.lproj/about.html; sourceTree = "<group>"; };
		4E8AAAFA0E9CE9A300271B56 /* Hebrew */ = {isa = PBXFileReference; lastKnownFileType = text.html; name = Hebrew; path = Hebrew.lproj/about.html; sourceTree = "<group>"; };
		4E8AAAFB0E9CE9A800271B56 /* Dutch */ = {isa = PBXFileReference; lastKnownFileType = text.html; name = Dutch; path = Dutch.lproj/about.html; sourceTree = "<group>"; };
		4E8AAAFC0E9CE9B500271B56 /* German */ = {isa = PBXFileReference; lastKnownFileType = text.html; name = German; path = German.lproj/about.html; sourceTree = "<group>"; };
		4E8BBC280E89786800BADF0C /* gps_ball.png */ = {isa = PBXFileReference; lastKnownFileType = image.png; path = gps_ball.png; sourceTree = "<group>"; };
		4E8C97350E6CBEF7001F5317 /* SpeedView.h */ = {isa = PBXFileReference; fileEncoding = 4; lastKnownFileType = sourcecode.c.h; path = SpeedView.h; sourceTree = "<group>"; };
		4E8C97360E6CBEF7001F5317 /* SpeedView.m */ = {isa = PBXFileReference; fileEncoding = 4; lastKnownFileType = sourcecode.c.objc; path = SpeedView.m; sourceTree = "<group>"; };
		4E8DAF2C0E85737C0025D8ED /* SearchPlacesView.h */ = {isa = PBXFileReference; fileEncoding = 4; lastKnownFileType = sourcecode.c.h; path = SearchPlacesView.h; sourceTree = "<group>"; };
		4E8DAF2D0E85737C0025D8ED /* SearchPlacesView.m */ = {isa = PBXFileReference; fileEncoding = 4; lastKnownFileType = sourcecode.c.objc; path = SearchPlacesView.m; sourceTree = "<group>"; };
		4E8F02B40EBB544F00994EA3 /* DrivingDirectionsSearchView.h */ = {isa = PBXFileReference; fileEncoding = 4; lastKnownFileType = sourcecode.c.h; path = DrivingDirectionsSearchView.h; sourceTree = "<group>"; };
		4E8F02B50EBB544F00994EA3 /* DrivingDirectionsSearchView.m */ = {isa = PBXFileReference; fileEncoding = 4; lastKnownFileType = sourcecode.c.objc; path = DrivingDirectionsSearchView.m; sourceTree = "<group>"; };
		4E8F03310EBB5BD000994EA3 /* settingsIcon.png */ = {isa = PBXFileReference; lastKnownFileType = image.png; path = settingsIcon.png; sourceTree = "<group>"; };
		4E8F033B0EBB5CA100994EA3 /* DirectionsController.h */ = {isa = PBXFileReference; fileEncoding = 4; lastKnownFileType = sourcecode.c.h; path = DirectionsController.h; sourceTree = "<group>"; };
		4E8F033C0EBB5CA100994EA3 /* DirectionsController.m */ = {isa = PBXFileReference; fileEncoding = 4; lastKnownFileType = sourcecode.c.objc; path = DirectionsController.m; sourceTree = "<group>"; };
		4E8F26500EC5F51600401A4E /* NavigationInstructionView.h */ = {isa = PBXFileReference; fileEncoding = 4; lastKnownFileType = sourcecode.c.h; path = NavigationInstructionView.h; sourceTree = "<group>"; };
		4E8F26510EC5F51600401A4E /* NavigationInstructionView.m */ = {isa = PBXFileReference; fileEncoding = 4; lastKnownFileType = sourcecode.c.objc; path = NavigationInstructionView.m; sourceTree = "<group>"; };
		4E9077F90E9CE48800B0F6BC /* AboutViewController.h */ = {isa = PBXFileReference; fileEncoding = 4; lastKnownFileType = sourcecode.c.h; path = AboutViewController.h; sourceTree = "<group>"; };
		4E9077FA0E9CE48800B0F6BC /* AboutViewController.m */ = {isa = PBXFileReference; fileEncoding = 4; lastKnownFileType = sourcecode.c.objc; path = AboutViewController.m; sourceTree = "<group>"; };
		4E90781A0E9CE69900B0F6BC /* English */ = {isa = PBXFileReference; fileEncoding = 4; lastKnownFileType = text.html; name = English; path = English.lproj/about.html; sourceTree = "<group>"; };
		4E90BD610E82E95F007D8F7C /* LicenseViewController.h */ = {isa = PBXFileReference; fileEncoding = 4; lastKnownFileType = sourcecode.c.h; path = LicenseViewController.h; sourceTree = "<group>"; };
		4E90BD620E82E95F007D8F7C /* LicenseViewController.m */ = {isa = PBXFileReference; fileEncoding = 4; lastKnownFileType = sourcecode.c.objc; path = LicenseViewController.m; sourceTree = "<group>"; };
		4E90BD640E82E95F007D8F7C /* English */ = {isa = PBXFileReference; fileEncoding = 4; lastKnownFileType = text.html; name = English; path = English.lproj/license.html; sourceTree = "<group>"; };
		4E90BD7B0E82E95F007D8F7C /* whiteButton.png */ = {isa = PBXFileReference; lastKnownFileType = image.png; path = whiteButton.png; sourceTree = "<group>"; };
		4E90C0F10E8D3CAE003F6B23 /* GPSSignalView.h */ = {isa = PBXFileReference; fileEncoding = 4; lastKnownFileType = sourcecode.c.h; path = GPSSignalView.h; sourceTree = "<group>"; };
		4E90C0F20E8D3CAE003F6B23 /* GPSSignalView.m */ = {isa = PBXFileReference; fileEncoding = 4; lastKnownFileType = sourcecode.c.objc; path = GPSSignalView.m; sourceTree = "<group>"; };
		4E90C0F50E8D3CD0003F6B23 /* green.png */ = {isa = PBXFileReference; lastKnownFileType = image.png; path = green.png; sourceTree = "<group>"; };
		4E90C0F60E8D3CD0003F6B23 /* orange.png */ = {isa = PBXFileReference; lastKnownFileType = image.png; path = orange.png; sourceTree = "<group>"; };
		4E90C0F70E8D3CD0003F6B23 /* red.png */ = {isa = PBXFileReference; lastKnownFileType = image.png; path = red.png; sourceTree = "<group>"; };
		4E917DA40EC39EE4005ACCA9 /* zh_TW */ = {isa = PBXFileReference; fileEncoding = 4; lastKnownFileType = text.html; name = zh_TW; path = zh_TW.lproj/about.html; sourceTree = "<group>"; };
		4E917E760EC39EE4005ACCA9 /* zh_TW */ = {isa = PBXFileReference; fileEncoding = 4; lastKnownFileType = text.html; name = zh_TW; path = zh_TW.lproj/license.html; sourceTree = "<group>"; };
		4E941A070E6A92330037F8C1 /* SettingsViewController.h */ = {isa = PBXFileReference; fileEncoding = 4; lastKnownFileType = sourcecode.c.h; path = SettingsViewController.h; sourceTree = "<group>"; };
		4E941A080E6A92330037F8C1 /* SettingsViewController.m */ = {isa = PBXFileReference; fileEncoding = 4; lastKnownFileType = sourcecode.c.objc; path = SettingsViewController.m; sourceTree = "<group>"; };
		4E9670FC0EBA5840008E7917 /* GPXLogger.h */ = {isa = PBXFileReference; fileEncoding = 4; lastKnownFileType = sourcecode.c.h; path = GPXLogger.h; sourceTree = "<group>"; };
		4E9670FD0EBA5840008E7917 /* GPXLogger.c */ = {isa = PBXFileReference; fileEncoding = 4; lastKnownFileType = sourcecode.c.c; path = GPXLogger.c; sourceTree = "<group>"; };
		4E9A00900E8D4A530076EE44 /* Dutch */ = {isa = PBXFileReference; lastKnownFileType = text.html; name = Dutch; path = Dutch.lproj/license.html; sourceTree = "<group>"; };
		4E9A00920E8D4A9D0076EE44 /* Dutch */ = {isa = PBXFileReference; lastKnownFileType = text.plist.strings; name = Dutch; path = Dutch.lproj/Localizable.strings; sourceTree = "<group>"; };
		4E9A00940E8D51B90076EE44 /* FakeGPSController.h */ = {isa = PBXFileReference; fileEncoding = 4; lastKnownFileType = sourcecode.c.h; path = FakeGPSController.h; sourceTree = "<group>"; };
		4E9A00950E8D51B90076EE44 /* FakeGPSController.m */ = {isa = PBXFileReference; fileEncoding = 4; lastKnownFileType = sourcecode.c.objc; path = FakeGPSController.m; sourceTree = "<group>"; };
		4EA54F1D0EB231860077F5F4 /* SyncDownloader.h */ = {isa = PBXFileReference; fileEncoding = 4; lastKnownFileType = sourcecode.c.h; path = SyncDownloader.h; sourceTree = "<group>"; };
		4EA54F1E0EB231860077F5F4 /* SyncDownloader.m */ = {isa = PBXFileReference; fileEncoding = 4; lastKnownFileType = sourcecode.c.objc; path = SyncDownloader.m; sourceTree = "<group>"; };
		4EAF78B30EB3AB440078B697 /* iGPS360Controller.h */ = {isa = PBXFileReference; fileEncoding = 4; lastKnownFileType = sourcecode.c.h; path = iGPS360Controller.h; sourceTree = "<group>"; };
		4EAF78B40EB3AB440078B697 /* iGPS360Controller.m */ = {isa = PBXFileReference; fileEncoding = 4; lastKnownFileType = sourcecode.c.objc; path = iGPS360Controller.m; sourceTree = "<group>"; };
		4EAF79FE0EB3C3750078B697 /* Default.png */ = {isa = PBXFileReference; lastKnownFileType = image.png; path = Default.png; sourceTree = "<group>"; };
		4EB3A5330E93B1FA004A643A /* Hebrew */ = {isa = PBXFileReference; lastKnownFileType = text.html; name = Hebrew; path = Hebrew.lproj/license.html; sourceTree = "<group>"; };
		4EB3A5340E93B1FA004A643A /* Hebrew */ = {isa = PBXFileReference; lastKnownFileType = text.plist.strings; name = Hebrew; path = Hebrew.lproj/Localizable.strings; sourceTree = "<group>"; };
		4EBAF8F20E58CA84008916E9 /* notile.png */ = {isa = PBXFileReference; lastKnownFileType = image.png; path = notile.png; sourceTree = "<group>"; };
		4EBAF8F30E58CA84008916E9 /* pin_pos.png */ = {isa = PBXFileReference; lastKnownFileType = image.png; path = pin_pos.png; sourceTree = "<group>"; };
		4EBAF8F40E58CA84008916E9 /* speed.png */ = {isa = PBXFileReference; lastKnownFileType = image.png; path = speed.png; sourceTree = "<group>"; };
		4EBAF8F50E58CA84008916E9 /* zoomin.png */ = {isa = PBXFileReference; lastKnownFileType = image.png; path = zoomin.png; sourceTree = "<group>"; };
		4EBAF8F60E58CA84008916E9 /* zoomout.png */ = {isa = PBXFileReference; lastKnownFileType = image.png; path = zoomout.png; sourceTree = "<group>"; };
		4EC961CF0EDC9D6700B60DB8 /* DirectionsBookmarks.h */ = {isa = PBXFileReference; fileEncoding = 4; lastKnownFileType = sourcecode.c.h; path = DirectionsBookmarks.h; sourceTree = "<group>"; };
		4EC961D00EDC9D6700B60DB8 /* DirectionsBookmarks.m */ = {isa = PBXFileReference; fileEncoding = 4; lastKnownFileType = sourcecode.c.objc; path = DirectionsBookmarks.m; sourceTree = "<group>"; };
		4EDA9EB60E8791710020E8AF /* Italian */ = {isa = PBXFileReference; lastKnownFileType = text.html; name = Italian; path = Italian.lproj/license.html; sourceTree = "<group>"; };
		4EDAA0C10E87AD8A0020E8AF /* AddressBook.framework */ = {isa = PBXFileReference; lastKnownFileType = wrapper.framework; name = AddressBook.framework; path = System/Library/Frameworks/AddressBook.framework; sourceTree = SDKROOT; };
		4EDAA0C20E87AD8A0020E8AF /* AddressBookUI.framework */ = {isa = PBXFileReference; lastKnownFileType = wrapper.framework; name = AddressBookUI.framework; path = System/Library/Frameworks/AddressBookUI.framework; sourceTree = SDKROOT; };
		4EDABC700E89115A009AF7C2 /* German */ = {isa = PBXFileReference; lastKnownFileType = text.html; name = German; path = German.lproj/license.html; sourceTree = "<group>"; };
		4EE0F1C40E6A958000BBA3FD /* gps.h */ = {isa = PBXFileReference; fileEncoding = 4; lastKnownFileType = sourcecode.c.h; path = gps.h; sourceTree = "<group>"; };
		4EE0F1C50E6A958000BBA3FD /* nmea_parse.c */ = {isa = PBXFileReference; fileEncoding = 4; lastKnownFileType = sourcecode.c.c; path = nmea_parse.c; sourceTree = "<group>"; };
		4EE0F1C60E6A958000BBA3FD /* packet_names.h */ = {isa = PBXFileReference; fileEncoding = 4; lastKnownFileType = sourcecode.c.h; path = packet_names.h; sourceTree = "<group>"; };
		4EE0F1C70E6A958000BBA3FD /* packet_reader.c */ = {isa = PBXFileReference; fileEncoding = 4; lastKnownFileType = sourcecode.c.c; path = packet_reader.c; sourceTree = "<group>"; };
		4EE0F1C80E6A958000BBA3FD /* packet_reader.h */ = {isa = PBXFileReference; fileEncoding = 4; lastKnownFileType = sourcecode.c.h; path = packet_reader.h; sourceTree = "<group>"; };
		4EE0F1C90E6A958000BBA3FD /* packet_states.h */ = {isa = PBXFileReference; fileEncoding = 4; lastKnownFileType = sourcecode.c.h; path = packet_states.h; sourceTree = "<group>"; };
		4EE0F1CA0E6A958000BBA3FD /* timebase.h */ = {isa = PBXFileReference; fileEncoding = 4; lastKnownFileType = sourcecode.c.h; path = timebase.h; sourceTree = "<group>"; };
		4EE0F1CB0E6A958000BBA3FD /* xGPSController.h */ = {isa = PBXFileReference; fileEncoding = 4; lastKnownFileType = sourcecode.c.h; path = xGPSController.h; sourceTree = "<group>"; };
		4EE0F1CC0E6A958000BBA3FD /* xGPSController.m */ = {isa = PBXFileReference; fileEncoding = 4; lastKnownFileType = sourcecode.c.objc; path = xGPSController.m; sourceTree = "<group>"; };
		4EE0F2D00E6AA97600BBA3FD /* MapsManagerView.m */ = {isa = PBXFileReference; fileEncoding = 4; lastKnownFileType = sourcecode.c.objc; path = MapsManagerView.m; sourceTree = "<group>"; };
		4EE0F2D30E6AA9C500BBA3FD /* MapsManagerView.h */ = {isa = PBXFileReference; fileEncoding = 4; lastKnownFileType = sourcecode.c.h; path = MapsManagerView.h; sourceTree = "<group>"; };
		4EE0F2D70E6AAA0100BBA3FD /* ProgressView.h */ = {isa = PBXFileReference; fileEncoding = 4; lastKnownFileType = sourcecode.c.h; path = ProgressView.h; sourceTree = "<group>"; };
		4EE0F2D80E6AAA0100BBA3FD /* ProgressView.m */ = {isa = PBXFileReference; fileEncoding = 4; lastKnownFileType = sourcecode.c.objc; path = ProgressView.m; sourceTree = "<group>"; };
		4EE0F2D90E6AAA0100BBA3FD /* ZoomView.h */ = {isa = PBXFileReference; fileEncoding = 4; lastKnownFileType = sourcecode.c.h; path = ZoomView.h; sourceTree = "<group>"; };
		4EE0F2DA0E6AAA0100BBA3FD /* ZoomView.m */ = {isa = PBXFileReference; fileEncoding = 4; lastKnownFileType = sourcecode.c.objc; path = ZoomView.m; sourceTree = "<group>"; };
		4EE135690E7E63D800A5E181 /* GoogleBadge.png */ = {isa = PBXFileReference; lastKnownFileType = image.png; path = GoogleBadge.png; sourceTree = "<group>"; };
		4EEC564F0EC1FCE00093386D /* zh_TW */ = {isa = PBXFileReference; lastKnownFileType = text.plist.strings; name = zh_TW; path = zh_TW.lproj/Localizable.strings; sourceTree = "<group>"; };
		4EF1D57C0EDB0BA80007AEAE /* track.gpx */ = {isa = PBXFileReference; fileEncoding = 4; lastKnownFileType = text.xml; path = track.gpx; sourceTree = "<group>"; };
		4EF25DCC0E897FA300AB6194 /* DirectionsLanguageViewController.h */ = {isa = PBXFileReference; fileEncoding = 4; lastKnownFileType = sourcecode.c.h; path = DirectionsLanguageViewController.h; sourceTree = "<group>"; };
		4EF25DCD0E897FA300AB6194 /* DirectionsLanguageViewController.m */ = {isa = PBXFileReference; fileEncoding = 4; lastKnownFileType = sourcecode.c.objc; path = DirectionsLanguageViewController.m; sourceTree = "<group>"; };
		8D1107310486CEB800E47090 /* Info.plist */ = {isa = PBXFileReference; fileEncoding = 4; lastKnownFileType = text.plist.xml; path = Info.plist; sourceTree = "<group>"; };
/* End PBXFileReference section */

/* Begin PBXFrameworksBuildPhase section */
		1D60588F0D05DD3D006BFB54 /* Frameworks */ = {
			isa = PBXFrameworksBuildPhase;
			buildActionMask = 2147483647;
			files = (
				1D60589F0D05DD5A006BFB54 /* Foundation.framework in Frameworks */,
				1DF5F4E00D08C38300B7A737 /* UIKit.framework in Frameworks */,
				4E2397000E40F95D0062A352 /* CoreGraphics.framework in Frameworks */,
				4E2397010E40F95D0062A352 /* QuartzCore.framework in Frameworks */,
				4E86516D0E7EC361005954EE /* CoreLocation.framework in Frameworks */,
				4EDAA0C30E87AD8A0020E8AF /* AddressBook.framework in Frameworks */,
				4EDAA0C40E87AD8A0020E8AF /* AddressBookUI.framework in Frameworks */,
			);
			runOnlyForDeploymentPostprocessing = 0;
		};
/* End PBXFrameworksBuildPhase section */

/* Begin PBXGroup section */
		080E96DDFE201D6D7F000001 /* Classes */ = {
			isa = PBXGroup;
			children = (
				4E0F04FE0E87C44600D75E7D /* UI */,
				4E79293E0E58E7F500CAF1B2 /* GPS */,
				4E23969B0E40F7DA0062A352 /* LocationWrapper.h */,
				4E2396780E40F7750062A352 /* TileDB.h */,
				4E2396790E40F7750062A352 /* TileDB.m */,
				4E2396720E40F6AB0062A352 /* Position.h */,
				4E2396730E40F6AB0062A352 /* Position.m */,
				1D3623240D0F684500981E51 /* xGPSAppDelegate.h */,
				1D3623250D0F684500981E51 /* xGPSAppDelegate.m */,
				4E0F04FF0E87C49000D75E7D /* GeoEncoder.h */,
				4E0F05000E87C49000D75E7D /* GeoEncoder.m */,
				4E8F033B0EBB5CA100994EA3 /* DirectionsController.h */,
				4E8F033C0EBB5CA100994EA3 /* DirectionsController.m */,
				4EA54F1D0EB231860077F5F4 /* SyncDownloader.h */,
				4EA54F1E0EB231860077F5F4 /* SyncDownloader.m */,
				4E9670FC0EBA5840008E7917 /* GPXLogger.h */,
				4E9670FD0EBA5840008E7917 /* GPXLogger.c */,
				4EC961CF0EDC9D6700B60DB8 /* DirectionsBookmarks.h */,
				4EC961D00EDC9D6700B60DB8 /* DirectionsBookmarks.m */,
			);
			path = Classes;
			sourceTree = "<group>";
		};
		19C28FACFE9D520D11CA2CBB /* Products */ = {
			isa = PBXGroup;
			children = (
				1D6058910D05DD3D006BFB54 /* xGPS.app */,
			);
			name = Products;
			sourceTree = "<group>";
		};
		29B97314FDCFA39411CA2CEA /* xGPS */ = {
			isa = PBXGroup;
			children = (
				080E96DDFE201D6D7F000001 /* Classes */,
				29B97315FDCFA39411CA2CEA /* Other Sources */,
				29B97317FDCFA39411CA2CEA /* Resources */,
				29B97323FDCFA39411CA2CEA /* Frameworks */,
				19C28FACFE9D520D11CA2CBB /* Products */,
			);
			name = xGPS;
			sourceTree = "<group>";
		};
		29B97315FDCFA39411CA2CEA /* Other Sources */ = {
			isa = PBXGroup;
			children = (
				28A0AB4B0D9B1048005BE974 /* xGPS_Prefix.pch */,
				29B97316FDCFA39411CA2CEA /* main.m */,
			);
			name = "Other Sources";
			sourceTree = "<group>";
		};
		29B97317FDCFA39411CA2CEA /* Resources */ = {
			isa = PBXGroup;
			children = (
				4E74D8540EDD99B800C2FEAC /* wrongway.png */,
				4EF1D57C0EDB0BA80007AEAE /* track.gpx */,
				4E8F03310EBB5BD000994EA3 /* settingsIcon.png */,
				4E8A01980E9D445A00E58774 /* wireless_future.jpg */,
				4E9078190E9CE69900B0F6BC /* about.html */,
				4E90C0F50E8D3CD0003F6B23 /* green.png */,
				4E90C0F60E8D3CD0003F6B23 /* orange.png */,
				4E90C0F70E8D3CD0003F6B23 /* red.png */,
				4E8BBC280E89786800BADF0C /* gps_ball.png */,
				4E0F48E20E851C3C001B6F51 /* Localizable.strings */,
				4E90BD7B0E82E95F007D8F7C /* whiteButton.png */,
				4EE135690E7E63D800A5E181 /* GoogleBadge.png */,
				4EBAF8F20E58CA84008916E9 /* notile.png */,
				4EBAF8F30E58CA84008916E9 /* pin_pos.png */,
				4EBAF8F40E58CA84008916E9 /* speed.png */,
				4EBAF8F50E58CA84008916E9 /* zoomin.png */,
				4EBAF8F60E58CA84008916E9 /* zoomout.png */,
				4E2396490E40EF800062A352 /* icon.png */,
				8D1107310486CEB800E47090 /* Info.plist */,
				4E0F487A0E8518EC001B6F51 /* license.html */,
				4EAF79FE0EB3C3750078B697 /* Default.png */,
			);
			name = Resources;
			sourceTree = "<group>";
		};
		29B97323FDCFA39411CA2CEA /* Frameworks */ = {
			isa = PBXGroup;
			children = (
				4EDAA0C10E87AD8A0020E8AF /* AddressBook.framework */,
				4EDAA0C20E87AD8A0020E8AF /* AddressBookUI.framework */,
				4E86516C0E7EC361005954EE /* CoreLocation.framework */,
				4E2396FE0E40F95D0062A352 /* CoreGraphics.framework */,
				4E2396FF0E40F95D0062A352 /* QuartzCore.framework */,
				1DF5F4DF0D08C38300B7A737 /* UIKit.framework */,
				1D30AB110D05D00D00671497 /* Foundation.framework */,
			);
			name = Frameworks;
			sourceTree = "<group>";
		};
		4E0F04FE0E87C44600D75E7D /* UI */ = {
			isa = PBXGroup;
			children = (
				4E8A01750E9D441C00E58774 /* NetworkReceiverViewController.h */,
				4E8A01760E9D441C00E58774 /* NetworkReceiverViewController.m */,
				4E8C97350E6CBEF7001F5317 /* SpeedView.h */,
				4E8C97360E6CBEF7001F5317 /* SpeedView.m */,
				4EE0F2D70E6AAA0100BBA3FD /* ProgressView.h */,
				4EE0F2D80E6AAA0100BBA3FD /* ProgressView.m */,
				4EE0F2D90E6AAA0100BBA3FD /* ZoomView.h */,
				4EE0F2DA0E6AAA0100BBA3FD /* ZoomView.m */,
				4EE0F2D30E6AA9C500BBA3FD /* MapsManagerView.h */,
				4EE0F2D00E6AA97600BBA3FD /* MapsManagerView.m */,
				4E23966E0E40F6AB0062A352 /* MapTile.h */,
				4E23966F0E40F6AB0062A352 /* MapTile.m */,
				4E2396700E40F6AB0062A352 /* MapView.h */,
				4E2396710E40F6AB0062A352 /* MapView.m */,
				4E7929620E58EAE100CAF1B2 /* MainViewController.m */,
				28216C950DB411BC00E5133A /* MainViewController.h */,
				4E941A070E6A92330037F8C1 /* SettingsViewController.h */,
				4E941A080E6A92330037F8C1 /* SettingsViewController.m */,
				4E864FA40E7EBC58005954EE /* GPSSelectorViewController.h */,
				4E864FA50E7EBC58005954EE /* GPSSelectorViewController.m */,
				4E0B8D420E812DDD009A2F86 /* GPSLicenseViewController.h */,
				4E0B8D430E812DDD009A2F86 /* GPSLicenseViewController.m */,
				4E90BD610E82E95F007D8F7C /* LicenseViewController.h */,
				4E90BD620E82E95F007D8F7C /* LicenseViewController.m */,
				4E8DAF2C0E85737C0025D8ED /* SearchPlacesView.h */,
				4E8DAF2D0E85737C0025D8ED /* SearchPlacesView.m */,
				4E8F02B40EBB544F00994EA3 /* DrivingDirectionsSearchView.h */,
				4E8F02B50EBB544F00994EA3 /* DrivingDirectionsSearchView.m */,
				4EF25DCC0E897FA300AB6194 /* DirectionsLanguageViewController.h */,
				4EF25DCD0E897FA300AB6194 /* DirectionsLanguageViewController.m */,
				4E90C0F10E8D3CAE003F6B23 /* GPSSignalView.h */,
				4E90C0F20E8D3CAE003F6B23 /* GPSSignalView.m */,
				4E9077F90E9CE48800B0F6BC /* AboutViewController.h */,
				4E9077FA0E9CE48800B0F6BC /* AboutViewController.m */,
				4E8F26500EC5F51600401A4E /* NavigationInstructionView.h */,
				4E8F26510EC5F51600401A4E /* NavigationInstructionView.m */,
				4E66FD610EDC93A9002097BE /* DirectionsBookmarksViewController.h */,
				4E66FD620EDC93A9002097BE /* DirectionsBookmarksViewController.m */,
				4E74D8510EDD946800C2FEAC /* WrongWayView.h */,
				4E74D8520EDD946800C2FEAC /* WrongWayView.m */,
				4E17442E0EDE94E10062ED18 /* TitleValueCell.h */,
				4E17442F0EDE94E10062ED18 /* TitleValueCell.m */,
			);
			name = UI;
			sourceTree = "<group>";
		};
		4E79293E0E58E7F500CAF1B2 /* GPS */ = {
			isa = PBXGroup;
			children = (
				4EAF78B30EB3AB440078B697 /* iGPS360Controller.h */,
				4EAF78B40EB3AB440078B697 /* iGPS360Controller.m */,
				4E0B8CF70E812A74009A2F86 /* iGPSDController.h */,
				4E0B8CF80E812A74009A2F86 /* iGPSDController.m */,
				4EE0F1C40E6A958000BBA3FD /* gps.h */,
				4EE0F1C50E6A958000BBA3FD /* nmea_parse.c */,
				4EE0F1C60E6A958000BBA3FD /* packet_names.h */,
				4EE0F1C70E6A958000BBA3FD /* packet_reader.c */,
				4EE0F1C80E6A958000BBA3FD /* packet_reader.h */,
				4EE0F1C90E6A958000BBA3FD /* packet_states.h */,
				4EE0F1CA0E6A958000BBA3FD /* timebase.h */,
				4EE0F1CB0E6A958000BBA3FD /* xGPSController.h */,
				4EE0F1CC0E6A958000BBA3FD /* xGPSController.m */,
				4E864FB70E7EBC58005954EE /* GPSController.h */,
				4E864FB80E7EBC58005954EE /* GPSController.m */,
				4E864FBA0E7EBC58005954EE /* GPSManager.h */,
				4E864FBB0E7EBC58005954EE /* GPSManager.m */,
				4E86502E0E7EBC58005954EE /* ChangedState.h */,
				4E86502F0E7EBC58005954EE /* ChangedState.m */,
				4E8651590E7EC237005954EE /* iPhone3GController.h */,
				4E86515A0E7EC237005954EE /* iPhone3GController.m */,
				4E9A00940E8D51B90076EE44 /* FakeGPSController.h */,
				4E9A00950E8D51B90076EE44 /* FakeGPSController.m */,
			);
			name = GPS;
			sourceTree = "<group>";
		};
/* End PBXGroup section */

/* Begin PBXNativeTarget section */
		1D6058900D05DD3D006BFB54 /* xGPS */ = {
			isa = PBXNativeTarget;
			buildConfigurationList = 1D6058960D05DD3E006BFB54 /* Build configuration list for PBXNativeTarget "xGPS" */;
			buildPhases = (
				1D60588D0D05DD3D006BFB54 /* Resources */,
				1D60588E0D05DD3D006BFB54 /* Sources */,
				1D60588F0D05DD3D006BFB54 /* Frameworks */,
				4E89E8DD0E8512B100E47EC5 /* CopyFiles */,
				4E89E8DB0E8512B100E47EC5 /* ShellScript */,
				4E8DAE480E856A800025D8ED /* ShellScript */,
			);
			buildRules = (
			);
			dependencies = (
			);
			name = xGPS;
			productName = xGPS;
			productReference = 1D6058910D05DD3D006BFB54 /* xGPS.app */;
			productType = "com.apple.product-type.application";
		};
/* End PBXNativeTarget section */

/* Begin PBXProject section */
		29B97313FDCFA39411CA2CEA /* Project object */ = {
			isa = PBXProject;
			buildConfigurationList = C01FCF4E08A954540054247B /* Build configuration list for PBXProject "xGPS" */;
			compatibilityVersion = "Xcode 3.1";
			hasScannedForEncodings = 1;
			knownRegions = (
				English,
				Japanese,
				French,
				German,
				Italian,
				Dutch,
				Hebrew,
				zh_TW,
				pl,
			);
			mainGroup = 29B97314FDCFA39411CA2CEA /* xGPS */;
			projectDirPath = "";
			projectRoot = "";
			targets = (
				1D6058900D05DD3D006BFB54 /* xGPS */,
			);
		};
/* End PBXProject section */

/* Begin PBXResourcesBuildPhase section */
		1D60588D0D05DD3D006BFB54 /* Resources */ = {
			isa = PBXResourcesBuildPhase;
			buildActionMask = 2147483647;
			files = (
				4E23964B0E40EF800062A352 /* icon.png in Resources */,
				4EBAF8F70E58CA84008916E9 /* notile.png in Resources */,
				4EBAF8F80E58CA84008916E9 /* pin_pos.png in Resources */,
				4EBAF8F90E58CA84008916E9 /* speed.png in Resources */,
				4EBAF8FA0E58CA84008916E9 /* zoomin.png in Resources */,
				4EBAF8FB0E58CA84008916E9 /* zoomout.png in Resources */,
				4EE1356A0E7E63D800A5E181 /* GoogleBadge.png in Resources */,
				4E0F487B0E8518EC001B6F51 /* license.html in Resources */,
				4E90BD7C0E82E95F007D8F7C /* whiteButton.png in Resources */,
				4E0F48E30E851C3C001B6F51 /* Localizable.strings in Resources */,
				4E8BBC290E89786800BADF0C /* gps_ball.png in Resources */,
				4E90C0F80E8D3CD0003F6B23 /* green.png in Resources */,
				4E90C0F90E8D3CD0003F6B23 /* orange.png in Resources */,
				4E90C0FA0E8D3CD0003F6B23 /* red.png in Resources */,
				4E90781B0E9CE69900B0F6BC /* about.html in Resources */,
				4E8A01990E9D445A00E58774 /* wireless_future.jpg in Resources */,
				4EAF79FF0EB3C3750078B697 /* Default.png in Resources */,
				4E8F03320EBB5BD000994EA3 /* settingsIcon.png in Resources */,
				4EF1D57D0EDB0BA80007AEAE /* track.gpx in Resources */,
				4E74D8550EDD99B800C2FEAC /* wrongway.png in Resources */,
			);
			runOnlyForDeploymentPostprocessing = 0;
		};
/* End PBXResourcesBuildPhase section */

/* Begin PBXShellScriptBuildPhase section */
		4E89E8DB0E8512B100E47EC5 /* ShellScript */ = {
			isa = PBXShellScriptBuildPhase;
			buildActionMask = 8;
			files = (
			);
			inputPaths = (
			);
			outputPaths = (
			);
			runOnlyForDeploymentPostprocessing = 1;
			shellPath = /bin/sh;
			shellScript = "";
		};
		4E8DAE480E856A800025D8ED /* ShellScript */ = {
			isa = PBXShellScriptBuildPhase;
			buildActionMask = 2147483647;
			files = (
			);
			inputPaths = (
			);
			outputPaths = (
			);
			runOnlyForDeploymentPostprocessing = 0;
			shellPath = /bin/sh;
			shellScript = "";
		};
/* End PBXShellScriptBuildPhase section */

/* Begin PBXSourcesBuildPhase section */
		1D60588E0D05DD3D006BFB54 /* Sources */ = {
			isa = PBXSourcesBuildPhase;
			buildActionMask = 2147483647;
			files = (
				1D60589B0D05DD56006BFB54 /* main.m in Sources */,
				1D3623260D0F684500981E51 /* xGPSAppDelegate.m in Sources */,
				4E2396740E40F6AB0062A352 /* MapTile.m in Sources */,
				4E2396750E40F6AB0062A352 /* MapView.m in Sources */,
				4E2396760E40F6AB0062A352 /* Position.m in Sources */,
				4E23967A0E40F7750062A352 /* TileDB.m in Sources */,
				4E7929630E58EAE100CAF1B2 /* MainViewController.m in Sources */,
				4E941A090E6A92330037F8C1 /* SettingsViewController.m in Sources */,
				4EE0F1CD0E6A958000BBA3FD /* nmea_parse.c in Sources */,
				4EE0F1CE0E6A958000BBA3FD /* packet_reader.c in Sources */,
				4EE0F1CF0E6A958000BBA3FD /* xGPSController.m in Sources */,
				4EE0F2D10E6AA97600BBA3FD /* MapsManagerView.m in Sources */,
				4EE0F2DB0E6AAA0100BBA3FD /* ProgressView.m in Sources */,
				4EE0F2DC0E6AAA0100BBA3FD /* ZoomView.m in Sources */,
				4E8C97370E6CBEF7001F5317 /* SpeedView.m in Sources */,
				4E864FA60E7EBC58005954EE /* GPSSelectorViewController.m in Sources */,
				4E864FB90E7EBC58005954EE /* GPSController.m in Sources */,
				4E864FBC0E7EBC58005954EE /* GPSManager.m in Sources */,
				4E8650300E7EBC58005954EE /* ChangedState.m in Sources */,
				4E86515B0E7EC237005954EE /* iPhone3GController.m in Sources */,
				4E0B8CF90E812A74009A2F86 /* iGPSDController.m in Sources */,
				4E0B8D440E812DDD009A2F86 /* GPSLicenseViewController.m in Sources */,
				4E90BD630E82E95F007D8F7C /* LicenseViewController.m in Sources */,
				4E8DAF2E0E85737C0025D8ED /* SearchPlacesView.m in Sources */,
				4E0F05010E87C49000D75E7D /* GeoEncoder.m in Sources */,
				4EF25DCE0E897FA300AB6194 /* DirectionsLanguageViewController.m in Sources */,
				4E90C0F30E8D3CAE003F6B23 /* GPSSignalView.m in Sources */,
				4E9A00960E8D51B90076EE44 /* FakeGPSController.m in Sources */,
				4E9077FB0E9CE48800B0F6BC /* AboutViewController.m in Sources */,
				4E8A01770E9D441C00E58774 /* NetworkReceiverViewController.m in Sources */,
				4EA54F1F0EB231860077F5F4 /* SyncDownloader.m in Sources */,
				4EAF78B50EB3AB440078B697 /* iGPS360Controller.m in Sources */,
				4E9670FE0EBA5840008E7917 /* GPXLogger.c in Sources */,
				4E8F02B60EBB544F00994EA3 /* DrivingDirectionsSearchView.m in Sources */,
				4E8F033D0EBB5CA100994EA3 /* DirectionsController.m in Sources */,
				4E8F26520EC5F51600401A4E /* NavigationInstructionView.m in Sources */,
				4E66FD630EDC93A9002097BE /* DirectionsBookmarksViewController.m in Sources */,
				4EC961D10EDC9D6700B60DB8 /* DirectionsBookmarks.m in Sources */,
				4E74D8530EDD946800C2FEAC /* WrongWayView.m in Sources */,
				4E1744300EDE94E10062ED18 /* TitleValueCell.m in Sources */,
			);
			runOnlyForDeploymentPostprocessing = 0;
		};
/* End PBXSourcesBuildPhase section */

/* Begin PBXVariantGroup section */
		4E0F487A0E8518EC001B6F51 /* license.html */ = {
			isa = PBXVariantGroup;
			children = (
				4E90BD640E82E95F007D8F7C /* English */,
				4E0F48950E8519E6001B6F51 /* French */,
				4EDA9EB60E8791710020E8AF /* Italian */,
				4EDABC700E89115A009AF7C2 /* German */,
				4E9A00900E8D4A530076EE44 /* Dutch */,
				4EB3A5330E93B1FA004A643A /* Hebrew */,
				4E917E760EC39EE4005ACCA9 /* zh_TW */,
				4E109D960EDAEDEE009617FC /* pl */,
			);
			name = license.html;
			sourceTree = "<group>";
		};
		4E0F48E20E851C3C001B6F51 /* Localizable.strings */ = {
			isa = PBXVariantGroup;
			children = (
				4E0F48E00E851C30001B6F51 /* English */,
				4E0F48E40E851C43001B6F51 /* French */,
				4E0F48E50E851C47001B6F51 /* Italian */,
				4E0F48E60E851C4B001B6F51 /* German */,
				4E9A00920E8D4A9D0076EE44 /* Dutch */,
				4EB3A5340E93B1FA004A643A /* Hebrew */,
				4E109D950EDAEDE1009617FC /* pl */,
				4EEC564F0EC1FCE00093386D /* zh_TW */,
			);
			name = Localizable.strings;
			sourceTree = "<group>";
		};
		4E9078190E9CE69900B0F6BC /* about.html */ = {
			isa = PBXVariantGroup;
			children = (
				4E90781A0E9CE69900B0F6BC /* English */,
				4E8AAAF80E9CE99900271B56 /* French */,
				4E8AAAF90E9CE99E00271B56 /* Italian */,
				4E8AAAFA0E9CE9A300271B56 /* Hebrew */,
				4E8AAAFB0E9CE9A800271B56 /* Dutch */,
				4E8AAAFC0E9CE9B500271B56 /* German */,
				4E917DA40EC39EE4005ACCA9 /* zh_TW */,
				4E109D940EDAEDB0009617FC /* pl */,
			);
			name = about.html;
			sourceTree = "<group>";
		};
/* End PBXVariantGroup section */

/* Begin XCBuildConfiguration section */
		1D6058940D05DD3E006BFB54 /* Debug */ = {
			isa = XCBuildConfiguration;
			buildSettings = {
				ALWAYS_SEARCH_USER_PATHS = NO;
				"CODE_SIGN_IDENTITY[sdk=iphoneos*]" = "iPhone Developer: Mathieu Monney";
				COPY_PHASE_STRIP = NO;
				DEAD_CODE_STRIPPING = NO;
				GCC_DEBUGGING_SYMBOLS = full;
				GCC_DYNAMIC_NO_PIC = NO;
				GCC_OPTIMIZATION_LEVEL = 0;
				GCC_PRECOMPILE_PREFIX_HEADER = YES;
				GCC_PREFIX_HEADER = xGPS_Prefix.pch;
				INFOPLIST_FILE = Info.plist;
				OTHER_LDFLAGS = (
					"-lm",
					"-lsqlite3",
				);
				PRODUCT_NAME = xGPS;
				"PROVISIONING_PROFILE[sdk=iphoneos*]" = "EC2E5E16-CA61-4B8B-AE1C-66A9F6B1DA00";
				STRIP_STYLE = "non-global";
			};
			name = Debug;
		};
		1D6058950D05DD3E006BFB54 /* Release */ = {
			isa = XCBuildConfiguration;
			buildSettings = {
				ALWAYS_SEARCH_USER_PATHS = NO;
				"CODE_SIGN_IDENTITY[sdk=iphoneos*]" = "iPhone Developer: Mathieu Monney";
				COPY_PHASE_STRIP = YES;
				GCC_PRECOMPILE_PREFIX_HEADER = YES;
				GCC_PREFIX_HEADER = xGPS_Prefix.pch;
				INFOPLIST_FILE = Info.plist;
				PRODUCT_NAME = xGPS;
				"PROVISIONING_PROFILE[sdk=iphoneos*]" = "5E5CB2FB-5A40-4FBF-9149-20AF336D1770";
			};
			name = Release;
		};
		4E89E8D30E8512B100E47EC5 /* Deploy */ = {
			isa = XCBuildConfiguration;
			buildSettings = {
				ARCHS = "$(ARCHS_STANDARD_32_BIT)";
				"CODE_SIGN_IDENTITY[sdk=iphoneos*]" = "iPhone Developer: Mathieu Monney";
				GCC_C_LANGUAGE_STANDARD = c99;
				GCC_VERSION = 4.0;
				GCC_WARN_ABOUT_RETURN_TYPE = YES;
				GCC_WARN_UNUSED_VARIABLE = YES;
				OTHER_LDFLAGS = "-lsqlite3";
				PREBINDING = NO;
				"PROVISIONING_PROFILE[sdk=iphoneos*]" = "EC2E5E16-CA61-4B8B-AE1C-66A9F6B1DA00";
				SDKROOT = iphoneos2.0;
			};
			name = Deploy;
		};
		4E89E8D40E8512B100E47EC5 /* Deploy */ = {
			isa = XCBuildConfiguration;
			buildSettings = {
				ALWAYS_SEARCH_USER_PATHS = NO;
				"CODE_SIGN_IDENTITY[sdk=iphoneos*]" = "iPhone Developer: Mathieu Monney";
				COPY_PHASE_STRIP = YES;
				GCC_PRECOMPILE_PREFIX_HEADER = YES;
				GCC_PREFIX_HEADER = xGPS_Prefix.pch;
				INFOPLIST_FILE = Info.plist;
				PRODUCT_NAME = xGPS;
				"PROVISIONING_PROFILE[sdk=iphoneos*]" = "EC2E5E16-CA61-4B8B-AE1C-66A9F6B1DA00";
			};
			name = Deploy;
		};
		C01FCF4F08A954540054247B /* Debug */ = {
			isa = XCBuildConfiguration;
			buildSettings = {
				ARCHS = "$(ARCHS_STANDARD_32_BIT)";
				"CODE_SIGN_IDENTITY[sdk=iphoneos*]" = "iPhone Developer: Mathieu Monney";
				GCC_C_LANGUAGE_STANDARD = c99;
				GCC_OPTIMIZATION_LEVEL = 0;
				GCC_VERSION = 4.0;
				GCC_WARN_ABOUT_RETURN_TYPE = YES;
				GCC_WARN_UNUSED_VARIABLE = YES;
				ONLY_ACTIVE_ARCH = YES;
				OTHER_LDFLAGS = "-lsqlite3";
				PREBINDING = NO;
				"PROVISIONING_PROFILE[sdk=iphoneos*]" = "EC2E5E16-CA61-4B8B-AE1C-66A9F6B1DA00";
				SDKROOT = iphoneos2.0;
			};
			name = Debug;
		};
		C01FCF5008A954540054247B /* Release */ = {
			isa = XCBuildConfiguration;
			buildSettings = {
				ARCHS = "$(ARCHS_STANDARD_32_BIT)";
				"CODE_SIGN_IDENTITY[sdk=iphoneos*]" = "iPhone Developer: Mathieu Monney";
				GCC_C_LANGUAGE_STANDARD = c99;
				GCC_VERSION = 4.0;
				GCC_WARN_ABOUT_RETURN_TYPE = YES;
				GCC_WARN_UNUSED_VARIABLE = YES;
				OTHER_LDFLAGS = "-lsqlite3";
				PREBINDING = NO;
				"PROVISIONING_PROFILE[sdk=iphoneos*]" = "5E5CB2FB-5A40-4FBF-9149-20AF336D1770";
				SDKROOT = iphoneos2.0;
			};
			name = Release;
		};
/* End XCBuildConfiguration section */

/* Begin XCConfigurationList section */
		1D6058960D05DD3E006BFB54 /* Build configuration list for PBXNativeTarget "xGPS" */ = {
			isa = XCConfigurationList;
			buildConfigurations = (
				1D6058940D05DD3E006BFB54 /* Debug */,
				1D6058950D05DD3E006BFB54 /* Release */,
				4E89E8D40E8512B100E47EC5 /* Deploy */,
			);
			defaultConfigurationIsVisible = 0;
			defaultConfigurationName = Release;
		};
		C01FCF4E08A954540054247B /* Build configuration list for PBXProject "xGPS" */ = {
			isa = XCConfigurationList;
			buildConfigurations = (
				C01FCF4F08A954540054247B /* Debug */,
				C01FCF5008A954540054247B /* Release */,
				4E89E8D30E8512B100E47EC5 /* Deploy */,
			);
			defaultConfigurationIsVisible = 0;
			defaultConfigurationName = Release;
		};
/* End XCConfigurationList section */
	};
	rootObject = 29B97313FDCFA39411CA2CEA /* Project object */;
}
